
Microsoft Visual Studio Solution File, Format Version 12.00
# Visual Studio Version 16
VisualStudioVersion = 16.0.29920.165
MinimumVisualStudioVersion = 10.0.40219.1
Project("{FAE04EC0-301F-11D3-BF4B-00C04F79EFBC}") = "Basic XAML", "Basic XAML\Basic XAML.csproj", "{1A0B0F73-963F-4E16-AE3E-ABBF7E77752C}"
EndProject
Global
	GlobalSection(SolutionConfigurationPlatforms) = preSolution
		Debug|Any CPU = Debug|Any CPU
		Release|Any CPU = Release|Any CPU
	EndGlobalSection
	GlobalSection(ProjectConfigurationPlatforms) = postSolution
		{1A0B0F73-963F-4E16-AE3E-ABBF7E77752C}.Debug|Any CPU.ActiveCfg = Debug|Any CPU
		{1A0B0F73-963F-4E16-AE3E-ABBF7E77752C}.Debug|Any CPU.Build.0 = Debug|Any CPU
		{1A0B0F73-963F-4E16-AE3E-ABBF7E77752C}.Release|Any CPU.ActiveCfg = Release|Any CPU
		{1A0B0F73-963F-4E16-AE3E-ABBF7E77752C}.Release|Any CPU.Build.0 = Release|Any CPU
	EndGlobalSection
	GlobalSection(SolutionProperties) = preSolution
		HideSolutionNode = FALSE
	EndGlobalSection
	GlobalSection(ExtensibilityGlobals) = postSolution
		SolutionGuid = {CD2F82FA-1F43-4808-BAF7-E46D7694C369}
	EndGlobalSection
EndGlobal
